// !$*UTF8*$!
{
	archiveVersion = 1;
	classes = {
	};
	objectVersion = 46;
	objects = {

/* Begin PBXBuildFile section */
		4826CA9D1E367AEE0075A077 /* AppDelegate.m in Sources */ = {isa = PBXBuildFile; fileRef = 4826CA9C1E367AEE0075A077 /* AppDelegate.m */; };
		4826CAA01E367AEE0075A077 /* main.m in Sources */ = {isa = PBXBuildFile; fileRef = 4826CA9F1E367AEE0075A077 /* main.m */; };
		4826CAA21E367AEE0075A077 /* Assets.xcassets in Resources */ = {isa = PBXBuildFile; fileRef = 4826CAA11E367AEE0075A077 /* Assets.xcassets */; };
/* End PBXBuildFile section */

/* Begin PBXFileReference section */
		4826CA981E367AED0075A077 /* iPee.app */ = {isa = PBXFileReference; explicitFileType = wrapper.application; includeInIndex = 0; path = iPee.app; sourceTree = BUILT_PRODUCTS_DIR; };
		4826CA9B1E367AEE0075A077 /* AppDelegate.h */ = {isa = PBXFileReference; lastKnownFileType = sourcecode.c.h; path = AppDelegate.h; sourceTree = "<group>"; };
		4826CA9C1E367AEE0075A077 /* AppDelegate.m */ = {isa = PBXFileReference; lastKnownFileType = sourcecode.c.objc; path = AppDelegate.m; sourceTree = "<group>"; };
		4826CA9F1E367AEE0075A077 /* main.m */ = {isa = PBXFileReference; lastKnownFileType = sourcecode.c.objc; path = main.m; sourceTree = "<group>"; };
		4826CAA11E367AEE0075A077 /* Assets.xcassets */ = {isa = PBXFileReference; lastKnownFileType = folder.assetcatalog; path = Assets.xcassets; sourceTree = "<group>"; };
		4826CAA61E367AEE0075A077 /* Info.plist */ = {isa = PBXFileReference; lastKnownFileType = text.plist.xml; path = Info.plist; sourceTree = "<group>"; };
/* End PBXFileReference section */

/* Begin PBXFrameworksBuildPhase section */
		4826CA951E367AED0075A077 /* Frameworks */ = {
			isa = PBXFrameworksBuildPhase;
			buildActionMask = 2147483647;
			files = (
			);
			runOnlyForDeploymentPostprocessing = 0;
		};
/* End PBXFrameworksBuildPhase section */

/* Begin PBXGroup section */
		4826CA8F1E367AED0075A077 = {
			isa = PBXGroup;
			children = (
				4826CA9A1E367AED0075A077 /* iPee */,
				4826CA991E367AED0075A077 /* Products */,
			);
			sourceTree = "<group>";
		};
		4826CA991E367AED0075A077 /* Products */ = {
			isa = PBXGroup;
			children = (
				4826CA981E367AED0075A077 /* iPee.app */,
			);
			name = Products;
			sourceTree = "<group>";
		};
		4826CA9A1E367AED0075A077 /* iPee */ = {
			isa = PBXGroup;
			children = (
				4826CA9B1E367AEE0075A077 /* AppDelegate.h */,
				4826CA9C1E367AEE0075A077 /* AppDelegate.m */,
				4826CAA11E367AEE0075A077 /* Assets.xcassets */,
				4826CAA61E367AEE0075A077 /* Info.plist */,
				4826CA9E1E367AEE0075A077 /* Supporting Files */,
			);
			path = iPee;
			sourceTree = "<group>";
		};
		4826CA9E1E367AEE0075A077 /* Supporting Files */ = {
			isa = PBXGroup;
			children = (
				4826CA9F1E367AEE0075A077 /* main.m */,
			);
			name = "Supporting Files";
			sourceTree = "<group>";
		};
/* End PBXGroup section */

/* Begin PBXNativeTarget section */
		4826CA971E367AED0075A077 /* iPee */ = {
			isa = PBXNativeTarget;
			buildConfigurationList = 4826CAA91E367AEE0075A077 /* Build configuration list for PBXNativeTarget "iPee" */;
			buildPhases = (
				4826CA941E367AED0075A077 /* Sources */,
				4826CA951E367AED0075A077 /* Frameworks */,
				4826CA961E367AED0075A077 /* Resources */,
			);
			buildRules = (
			);
			dependencies = (
			);
			name = iPee;
			productName = iPee;
			productReference = 4826CA981E367AED0075A077 /* iPee.app */;
			productType = "com.apple.product-type.application";
		};
/* End PBXNativeTarget section */

/* Begin PBXProject section */
		4826CA901E367AED0075A077 /* Project object */ = {
			isa = PBXProject;
			attributes = {
				LastUpgradeCheck = 0800;
				ORGANIZATIONNAME = "Maximilian Mitchell";
				TargetAttributes = {
					4826CA971E367AED0075A077 = {
						CreatedOnToolsVersion = 8.0;
						DevelopmentTeam = 3H49MXS325;
						ProvisioningStyle = Automatic;
					};
				};
			};
			buildConfigurationList = 4826CA931E367AED0075A077 /* Build configuration list for PBXProject "iPee" */;
			compatibilityVersion = "Xcode 3.2";
			developmentRegion = English;
			hasScannedForEncodings = 0;
			knownRegions = (
				en,
				Base,
			);
			mainGroup = 4826CA8F1E367AED0075A077;
			productRefGroup = 4826CA991E367AED0075A077 /* Products */;
			projectDirPath = "";
			projectRoot = "";
			targets = (
				4826CA971E367AED0075A077 /* iPee */,
			);
		};
/* End PBXProject section */

/* Begin PBXResourcesBuildPhase section */
		4826CA961E367AED0075A077 /* Resources */ = {
			isa = PBXResourcesBuildPhase;
			buildActionMask = 2147483647;
			files = (
				4826CAA21E367AEE0075A077 /* Assets.xcassets in Resources */,
			);
			runOnlyForDeploymentPostprocessing = 0;
		};
/* End PBXResourcesBuildPhase section */

/* Begin PBXSourcesBuildPhase section */
		4826CA941E367AED0075A077 /* Sources */ = {
			isa = PBXSourcesBuildPhase;
			buildActionMask = 2147483647;
			files = (
				4826CAA01E367AEE0075A077 /* main.m in Sources */,
				4826CA9D1E367AEE0075A077 /* AppDelegate.m in Sources */,
			);
			runOnlyForDeploymentPostprocessing = 0;
		};
/* End PBXSourcesBuildPhase section */

/* Begin XCBuildConfiguration section */
		4826CAA71E367AEE0075A077 /* Debug */ = {
			isa = XCBuildConfiguration;
			buildSettings = {
				ALWAYS_SEARCH_USER_PATHS = NO;
				CLANG_ANALYZER_NONNULL = YES;
				CLANG_CXX_LANGUAGE_STANDARD = "gnu++0x";
				CLANG_CXX_LIBRARY = "libc++";
				CLANG_ENABLE_MODULES = YES;
				CLANG_ENABLE_OBJC_ARC = YES;
				CLANG_WARN_BOOL_CONVERSION = YES;
				CLANG_WARN_CONSTANT_CONVERSION = YES;
				CLANG_WARN_DIRECT_OBJC_ISA_USAGE = YES_ERROR;
				CLANG_WARN_DOCUMENTATION_COMMENTS = YES;
				CLANG_WARN_EMPTY_BODY = YES;
				CLANG_WARN_ENUM_CONVERSION = YES;
				CLANG_WARN_INFINITE_RECURSION = YES;
				CLANG_WARN_INT_CONVERSION = YES;
				CLANG_WARN_OBJC_ROOT_CLASS = YES_ERROR;
				CLANG_WARN_SUSPICIOUS_MOVES = YES;
				CLANG_WARN_UNREACHABLE_CODE = YES;
				CLANG_WARN__DUPLICATE_METHOD_MATCH = YES;
				CODE_SIGN_IDENTITY = "-";
				COPY_PHASE_STRIP = NO;
				DEBUG_INFORMATION_FORMAT = dwarf;
				ENABLE_STRICT_OBJC_MSGSEND = YES;
				ENABLE_TESTABILITY = YES;
				GCC_C_LANGUAGE_STANDARD = gnu99;
				GCC_DYNAMIC_NO_PIC = NO;
				GCC_NO_COMMON_BLOCKS = YES;
				GCC_OPTIMIZATION_LEVEL = 0;
				GCC_PREPROCESSOR_DEFINITIONS = (
					"DEBUG=1",
					"$(inherited)",
				);
				GCC_WARN_64_TO_32_BIT_CONVERSION = YES;
				GCC_WARN_ABOUT_RETURN_TYPE = YES_ERROR;
				GCC_WARN_UNDECLARED_SELECTOR = YES;
				GCC_WARN_UNINITIALIZED_AUTOS = YES_AGGRESSIVE;
				GCC_WARN_UNUSED_FUNCTION = YES;
				GCC_WARN_UNUSED_VARIABLE = YES;
				MACOSX_DEPLOYMENT_TARGET = 10.12;
				MTL_ENABLE_DEBUG_INFO = YES;
				ONLY_ACTIVE_ARCH = YES;
				SDKROOT = macosx;
			};
			name = Debug;
		};
		4826CAA81E367AEE0075A077 /* Release */ = {
			isa = XCBuildConfiguration;
			buildSettings = {
				ALWAYS_SEARCH_USER_PATHS = NO;
				CLANG_ANALYZER_NONNULL = YES;
				CLANG_CXX_LANGUAGE_STANDARD = "gnu++0x";
				CLANG_CXX_LIBRARY = "libc++";
				CLANG_ENABLE_MODULES = YES;
				CLANG_ENABLE_OBJC_ARC = YES;
				CLANG_WARN_BOOL_CONVERSION = YES;
				CLANG_WARN_CONSTANT_CONVERSION = YES;
				CLANG_WARN_DIRECT_OBJC_ISA_USAGE = YES_ERROR;
				CLANG_WARN_DOCUMENTATION_COMMENTS = YES;
				CLANG_WARN_EMPTY_BODY = YES;
				CLANG_WARN_ENUM_CONVERSION = YES;
				CLANG_WARN_INFINITE_RECURSION = YES;
				CLANG_WARN_INT_CONVERSION = YES;
				CLANG_WARN_OBJC_ROOT_CLASS = YES_ERROR;
				CLANG_WARN_SUSPICIOUS_MOVES = YES;
				CLANG_WARN_UNREACHABLE_CODE = YES;
				CLANG_WARN__DUPLICATE_METHOD_MATCH = YES;
				CODE_SIGN_IDENTITY = "-";
				COPY_PHASE_STRIP = NO;
				DEBUG_INFORMATION_FORMAT = "dwarf-with-dsym";
				ENABLE_NS_ASSERTIONS = NO;
				ENABLE_STRICT_OBJC_MSGSEND = YES;
				GCC_C_LANGUAGE_STANDARD = gnu99;
				GCC_NO_COMMON_BLOCKS = YES;
				GCC_WARN_64_TO_32_BIT_CONVERSION = YES;
				GCC_WARN_ABOUT_RETURN_TYPE = YES_ERROR;
				GCC_WARN_UNDECLARED_SELECTOR = YES;
				GCC_WARN_UNINITIALIZED_AUTOS = YES_AGGRESSIVE;
				GCC_WARN_UNUSED_FUNCTION = YES;
				GCC_WARN_UNUSED_VARIABLE = YES;
				MACOSX_DEPLOYMENT_TARGET = 10.12;
				MTL_ENABLE_DEBUG_INFO = NO;
				SDKROOT = macosx;
			};
			name = Release;
		};
		4826CAAA1E367AEE0075A077 /* Debug */ = {
			isa = XCBuildConfiguration;
			buildSettings = {
				ASSETCATALOG_COMPILER_APPICON_NAME = AppIcon;
				COMBINE_HIDPI_IMAGES = YES;
				DEVELOPMENT_TEAM = 3H49MXS325;
				INFOPLIST_FILE = iPee/Info.plist;
				LD_RUNPATH_SEARCH_PATHS = "$(inherited) @executable_path/../Frameworks";
				MACOSX_DEPLOYMENT_TARGET = 10.8;
				PRODUCT_BUNDLE_IDENTIFIER = me.maxis.iPee;
				PRODUCT_NAME = "$(TARGET_NAME)";
			};
			name = Debug;
		};
		4826CAAB1E367AEE0075A077 /* Release */ = {
			isa = XCBuildConfiguration;
			buildSettings = {
				ASSETCATALOG_COMPILER_APPICON_NAME = AppIcon;
				COMBINE_HIDPI_IMAGES = YES;
				DEVELOPMENT_TEAM = 3H49MXS325;
				INFOPLIST_FILE = iPee/Info.plist;
				LD_RUNPATH_SEARCH_PATHS = "$(inherited) @executable_path/../Frameworks";
				MACOSX_DEPLOYMENT_TARGET = 10.8;
				PRODUCT_BUNDLE_IDENTIFIER = me.maxis.iPee;
				PRODUCT_NAME = "$(TARGET_NAME)";
			};
			name = Release;
		};
/* End XCBuildConfiguration section */

/* Begin XCConfigurationList section */
		4826CA931E367AED0075A077 /* Build configuration list for PBXProject "iPee" */ = {
			isa = XCConfigurationList;
			buildConfigurations = (
				4826CAA71E367AEE0075A077 /* Debug */,
				4826CAA81E367AEE0075A077 /* Release */,
			);
			defaultConfigurationIsVisible = 0;
			defaultConfigurationName = Release;
		};
		4826CAA91E367AEE0075A077 /* Build configuration list for PBXNativeTarget "iPee" */ = {
			isa = XCConfigurationList;
			buildConfigurations = (
				4826CAAA1E367AEE0075A077 /* Debug */,
				4826CAAB1E367AEE0075A077 /* Release */,
			);
			defaultConfigurationIsVisible = 0;
		};
/* End XCConfigurationList section */
	};
	rootObject = 4826CA901E367AED0075A077 /* Project object */;
}
