// !$*UTF8*$!
{
	archiveVersion = 1;
	classes = {
	};
	objectVersion = 46;
	objects = {

/* Begin PBXBuildFile section */
		48CB81211CF7B92F000755F8 /* AppDelegate.m in Sources */ = {isa = PBXBuildFile; fileRef = 48CB81201CF7B92F000755F8 /* AppDelegate.m */; };
		48CB81241CF7B92F000755F8 /* main.m in Sources */ = {isa = PBXBuildFile; fileRef = 48CB81231CF7B92F000755F8 /* main.m */; };
		48CB81291CF7B92F000755F8 /* Assets.xcassets in Resources */ = {isa = PBXBuildFile; fileRef = 48CB81281CF7B92F000755F8 /* Assets.xcassets */; };
		48CB81371CF7B92F000755F8 /* ip_toolbarTests.m in Sources */ = {isa = PBXBuildFile; fileRef = 48CB81361CF7B92F000755F8 /* ip_toolbarTests.m */; };
		48CB81421CF7B92F000755F8 /* ip_toolbarUITests.m in Sources */ = {isa = PBXBuildFile; fileRef = 48CB81411CF7B92F000755F8 /* ip_toolbarUITests.m */; };
/* End PBXBuildFile section */

/* Begin PBXContainerItemProxy section */
		48CB81331CF7B92F000755F8 /* PBXContainerItemProxy */ = {
			isa = PBXContainerItemProxy;
			containerPortal = 48CB81141CF7B92F000755F8 /* Project object */;
			proxyType = 1;
			remoteGlobalIDString = 48CB811B1CF7B92F000755F8;
			remoteInfo = "ip toolbar";
		};
		48CB813E1CF7B92F000755F8 /* PBXContainerItemProxy */ = {
			isa = PBXContainerItemProxy;
			containerPortal = 48CB81141CF7B92F000755F8 /* Project object */;
			proxyType = 1;
			remoteGlobalIDString = 48CB811B1CF7B92F000755F8;
			remoteInfo = "ip toolbar";
		};
/* End PBXContainerItemProxy section */

/* Begin PBXFileReference section */
		48CB811C1CF7B92F000755F8 /* iPee.app */ = {isa = PBXFileReference; explicitFileType = wrapper.application; includeInIndex = 0; path = iPee.app; sourceTree = BUILT_PRODUCTS_DIR; };
		48CB811F1CF7B92F000755F8 /* AppDelegate.h */ = {isa = PBXFileReference; lastKnownFileType = sourcecode.c.h; path = AppDelegate.h; sourceTree = "<group>"; };
		48CB81201CF7B92F000755F8 /* AppDelegate.m */ = {isa = PBXFileReference; lastKnownFileType = sourcecode.c.objc; path = AppDelegate.m; sourceTree = "<group>"; };
		48CB81231CF7B92F000755F8 /* main.m */ = {isa = PBXFileReference; lastKnownFileType = sourcecode.c.objc; path = main.m; sourceTree = "<group>"; };
		48CB81281CF7B92F000755F8 /* Assets.xcassets */ = {isa = PBXFileReference; lastKnownFileType = folder.assetcatalog; path = Assets.xcassets; sourceTree = "<group>"; };
		48CB812D1CF7B92F000755F8 /* Info.plist */ = {isa = PBXFileReference; lastKnownFileType = text.plist.xml; path = Info.plist; sourceTree = "<group>"; };
		48CB81321CF7B92F000755F8 /* iPee.xctest */ = {isa = PBXFileReference; explicitFileType = wrapper.cfbundle; includeInIndex = 0; path = iPee.xctest; sourceTree = BUILT_PRODUCTS_DIR; };
		48CB81361CF7B92F000755F8 /* ip_toolbarTests.m */ = {isa = PBXFileReference; lastKnownFileType = sourcecode.c.objc; path = ip_toolbarTests.m; sourceTree = "<group>"; };
		48CB81381CF7B92F000755F8 /* Info.plist */ = {isa = PBXFileReference; lastKnownFileType = text.plist.xml; path = Info.plist; sourceTree = "<group>"; };
		48CB813D1CF7B92F000755F8 /* iPee.xctest */ = {isa = PBXFileReference; explicitFileType = wrapper.cfbundle; includeInIndex = 0; path = iPee.xctest; sourceTree = BUILT_PRODUCTS_DIR; };
		48CB81411CF7B92F000755F8 /* ip_toolbarUITests.m */ = {isa = PBXFileReference; lastKnownFileType = sourcecode.c.objc; path = ip_toolbarUITests.m; sourceTree = "<group>"; };
		48CB81431CF7B92F000755F8 /* Info.plist */ = {isa = PBXFileReference; lastKnownFileType = text.plist.xml; path = Info.plist; sourceTree = "<group>"; };
/* End PBXFileReference section */

/* Begin PBXFrameworksBuildPhase section */
		48CB81191CF7B92F000755F8 /* Frameworks */ = {
			isa = PBXFrameworksBuildPhase;
			buildActionMask = 2147483647;
			files = (
			);
			runOnlyForDeploymentPostprocessing = 0;
		};
		48CB812F1CF7B92F000755F8 /* Frameworks */ = {
			isa = PBXFrameworksBuildPhase;
			buildActionMask = 2147483647;
			files = (
			);
			runOnlyForDeploymentPostprocessing = 0;
		};
		48CB813A1CF7B92F000755F8 /* Frameworks */ = {
			isa = PBXFrameworksBuildPhase;
			buildActionMask = 2147483647;
			files = (
			);
			runOnlyForDeploymentPostprocessing = 0;
		};
/* End PBXFrameworksBuildPhase section */

/* Begin PBXGroup section */
		48CB81131CF7B92F000755F8 = {
			isa = PBXGroup;
			children = (
				48CB811E1CF7B92F000755F8 /* ip toolbar */,
				48CB81351CF7B92F000755F8 /* ip toolbarTests */,
				48CB81401CF7B92F000755F8 /* ip toolbarUITests */,
				48CB811D1CF7B92F000755F8 /* Products */,
			);
			sourceTree = "<group>";
		};
		48CB811D1CF7B92F000755F8 /* Products */ = {
			isa = PBXGroup;
			children = (
				48CB811C1CF7B92F000755F8 /* iPee.app */,
				48CB81321CF7B92F000755F8 /* iPee.xctest */,
				48CB813D1CF7B92F000755F8 /* iPee.xctest */,
			);
			name = Products;
			sourceTree = "<group>";
		};
		48CB811E1CF7B92F000755F8 /* ip toolbar */ = {
			isa = PBXGroup;
			children = (
				48CB811F1CF7B92F000755F8 /* AppDelegate.h */,
				48CB81201CF7B92F000755F8 /* AppDelegate.m */,
				48CB81281CF7B92F000755F8 /* Assets.xcassets */,
				48CB812D1CF7B92F000755F8 /* Info.plist */,
				48CB81221CF7B92F000755F8 /* Supporting Files */,
			);
			path = "ip toolbar";
			sourceTree = "<group>";
		};
		48CB81221CF7B92F000755F8 /* Supporting Files */ = {
			isa = PBXGroup;
			children = (
				48CB81231CF7B92F000755F8 /* main.m */,
			);
			name = "Supporting Files";
			sourceTree = "<group>";
		};
		48CB81351CF7B92F000755F8 /* ip toolbarTests */ = {
			isa = PBXGroup;
			children = (
				48CB81361CF7B92F000755F8 /* ip_toolbarTests.m */,
				48CB81381CF7B92F000755F8 /* Info.plist */,
			);
			path = "ip toolbarTests";
			sourceTree = "<group>";
		};
		48CB81401CF7B92F000755F8 /* ip toolbarUITests */ = {
			isa = PBXGroup;
			children = (
				48CB81411CF7B92F000755F8 /* ip_toolbarUITests.m */,
				48CB81431CF7B92F000755F8 /* Info.plist */,
			);
			path = "ip toolbarUITests";
			sourceTree = "<group>";
		};
/* End PBXGroup section */

/* Begin PBXNativeTarget section */
		48CB811B1CF7B92F000755F8 /* iPee */ = {
			isa = PBXNativeTarget;
			buildConfigurationList = 48CB81461CF7B92F000755F8 /* Build configuration list for PBXNativeTarget "iPee" */;
			buildPhases = (
				48CB81181CF7B92F000755F8 /* Sources */,
				48CB81191CF7B92F000755F8 /* Frameworks */,
				48CB811A1CF7B92F000755F8 /* Resources */,
			);
			buildRules = (
			);
			dependencies = (
			);
			name = iPee;
			productName = "ip toolbar";
			productReference = 48CB811C1CF7B92F000755F8 /* iPee.app */;
			productType = "com.apple.product-type.application";
		};
		48CB81311CF7B92F000755F8 /* iPeeTests */ = {
			isa = PBXNativeTarget;
			buildConfigurationList = 48CB81491CF7B92F000755F8 /* Build configuration list for PBXNativeTarget "iPeeTests" */;
			buildPhases = (
				48CB812E1CF7B92F000755F8 /* Sources */,
				48CB812F1CF7B92F000755F8 /* Frameworks */,
				48CB81301CF7B92F000755F8 /* Resources */,
			);
			buildRules = (
			);
			dependencies = (
				48CB81341CF7B92F000755F8 /* PBXTargetDependency */,
			);
			name = iPeeTests;
			productName = "ip toolbarTests";
			productReference = 48CB81321CF7B92F000755F8 /* iPee.xctest */;
			productType = "com.apple.product-type.bundle.unit-test";
		};
		48CB813C1CF7B92F000755F8 /* iPeeUITests */ = {
			isa = PBXNativeTarget;
			buildConfigurationList = 48CB814C1CF7B92F000755F8 /* Build configuration list for PBXNativeTarget "iPeeUITests" */;
			buildPhases = (
				48CB81391CF7B92F000755F8 /* Sources */,
				48CB813A1CF7B92F000755F8 /* Frameworks */,
				48CB813B1CF7B92F000755F8 /* Resources */,
			);
			buildRules = (
			);
			dependencies = (
				48CB813F1CF7B92F000755F8 /* PBXTargetDependency */,
			);
			name = iPeeUITests;
			productName = "ip toolbarUITests";
			productReference = 48CB813D1CF7B92F000755F8 /* iPee.xctest */;
			productType = "com.apple.product-type.bundle.ui-testing";
		};
/* End PBXNativeTarget section */

/* Begin PBXProject section */
		48CB81141CF7B92F000755F8 /* Project object */ = {
			isa = PBXProject;
			attributes = {
				LastUpgradeCheck = 0800;
				ORGANIZATIONNAME = crypter;
				TargetAttributes = {
					48CB811B1CF7B92F000755F8 = {
						CreatedOnToolsVersion = 7.3.1;
						DevelopmentTeam = 3H49MXS325;
						ProvisioningStyle = Automatic;
					};
					48CB81311CF7B92F000755F8 = {
						CreatedOnToolsVersion = 7.3.1;
						TestTargetID = 48CB811B1CF7B92F000755F8;
					};
					48CB813C1CF7B92F000755F8 = {
						CreatedOnToolsVersion = 7.3.1;
						TestTargetID = 48CB811B1CF7B92F000755F8;
					};
				};
			};
			buildConfigurationList = 48CB81171CF7B92F000755F8 /* Build configuration list for PBXProject "iPee" */;
			compatibilityVersion = "Xcode 3.2";
			developmentRegion = English;
			hasScannedForEncodings = 0;
			knownRegions = (
				en,
				Base,
			);
			mainGroup = 48CB81131CF7B92F000755F8;
			productRefGroup = 48CB811D1CF7B92F000755F8 /* Products */;
			projectDirPath = "";
			projectRoot = "";
			targets = (
				48CB811B1CF7B92F000755F8 /* iPee */,
				48CB81311CF7B92F000755F8 /* iPeeTests */,
				48CB813C1CF7B92F000755F8 /* iPeeUITests */,
			);
		};
/* End PBXProject section */

/* Begin PBXResourcesBuildPhase section */
		48CB811A1CF7B92F000755F8 /* Resources */ = {
			isa = PBXResourcesBuildPhase;
			buildActionMask = 2147483647;
			files = (
				48CB81291CF7B92F000755F8 /* Assets.xcassets in Resources */,
			);
			runOnlyForDeploymentPostprocessing = 0;
		};
		48CB81301CF7B92F000755F8 /* Resources */ = {
			isa = PBXResourcesBuildPhase;
			buildActionMask = 2147483647;
			files = (
			);
			runOnlyForDeploymentPostprocessing = 0;
		};
		48CB813B1CF7B92F000755F8 /* Resources */ = {
			isa = PBXResourcesBuildPhase;
			buildActionMask = 2147483647;
			files = (
			);
			runOnlyForDeploymentPostprocessing = 0;
		};
/* End PBXResourcesBuildPhase section */

/* Begin PBXSourcesBuildPhase section */
		48CB81181CF7B92F000755F8 /* Sources */ = {
			isa = PBXSourcesBuildPhase;
			buildActionMask = 2147483647;
			files = (
				48CB81241CF7B92F000755F8 /* main.m in Sources */,
				48CB81211CF7B92F000755F8 /* AppDelegate.m in Sources */,
			);
			runOnlyForDeploymentPostprocessing = 0;
		};
		48CB812E1CF7B92F000755F8 /* Sources */ = {
			isa = PBXSourcesBuildPhase;
			buildActionMask = 2147483647;
			files = (
				48CB81371CF7B92F000755F8 /* ip_toolbarTests.m in Sources */,
			);
			runOnlyForDeploymentPostprocessing = 0;
		};
		48CB81391CF7B92F000755F8 /* Sources */ = {
			isa = PBXSourcesBuildPhase;
			buildActionMask = 2147483647;
			files = (
				48CB81421CF7B92F000755F8 /* ip_toolbarUITests.m in Sources */,
			);
			runOnlyForDeploymentPostprocessing = 0;
		};
/* End PBXSourcesBuildPhase section */

/* Begin PBXTargetDependency section */
		48CB81341CF7B92F000755F8 /* PBXTargetDependency */ = {
			isa = PBXTargetDependency;
			target = 48CB811B1CF7B92F000755F8 /* iPee */;
			targetProxy = 48CB81331CF7B92F000755F8 /* PBXContainerItemProxy */;
		};
		48CB813F1CF7B92F000755F8 /* PBXTargetDependency */ = {
			isa = PBXTargetDependency;
			target = 48CB811B1CF7B92F000755F8 /* iPee */;
			targetProxy = 48CB813E1CF7B92F000755F8 /* PBXContainerItemProxy */;
		};
/* End PBXTargetDependency section */

/* Begin XCBuildConfiguration section */
		48CB81441CF7B92F000755F8 /* Debug */ = {
			isa = XCBuildConfiguration;
			buildSettings = {
				ALWAYS_SEARCH_USER_PATHS = NO;
				CLANG_ANALYZER_NONNULL = YES;
				CLANG_CXX_LANGUAGE_STANDARD = "gnu++0x";
				CLANG_CXX_LIBRARY = "libc++";
				CLANG_ENABLE_MODULES = YES;
				CLANG_ENABLE_OBJC_ARC = YES;
				CLANG_WARN_BOOL_CONVERSION = YES;
				CLANG_WARN_CONSTANT_CONVERSION = YES;
				CLANG_WARN_DIRECT_OBJC_ISA_USAGE = YES_ERROR;
				CLANG_WARN_EMPTY_BODY = YES;
				CLANG_WARN_ENUM_CONVERSION = YES;
				CLANG_WARN_INFINITE_RECURSION = YES;
				CLANG_WARN_INT_CONVERSION = YES;
				CLANG_WARN_OBJC_ROOT_CLASS = YES_ERROR;
				CLANG_WARN_SUSPICIOUS_MOVE = YES;
				CLANG_WARN_UNREACHABLE_CODE = YES;
				CLANG_WARN__DUPLICATE_METHOD_MATCH = YES;
				CODE_SIGN_IDENTITY = "-";
				COPY_PHASE_STRIP = NO;
				DEBUG_INFORMATION_FORMAT = dwarf;
				ENABLE_STRICT_OBJC_MSGSEND = YES;
				ENABLE_TESTABILITY = YES;
				GCC_C_LANGUAGE_STANDARD = gnu99;
				GCC_DYNAMIC_NO_PIC = NO;
				GCC_NO_COMMON_BLOCKS = YES;
				GCC_OPTIMIZATION_LEVEL = 0;
				GCC_PREPROCESSOR_DEFINITIONS = (
					"DEBUG=1",
					"$(inherited)",
				);
				GCC_WARN_64_TO_32_BIT_CONVERSION = YES;
				GCC_WARN_ABOUT_RETURN_TYPE = YES_ERROR;
				GCC_WARN_UNDECLARED_SELECTOR = YES;
				GCC_WARN_UNINITIALIZED_AUTOS = YES_AGGRESSIVE;
				GCC_WARN_UNUSED_FUNCTION = YES;
				GCC_WARN_UNUSED_VARIABLE = YES;
				MACOSX_DEPLOYMENT_TARGET = 10.11;
				MTL_ENABLE_DEBUG_INFO = YES;
				ONLY_ACTIVE_ARCH = YES;
				SDKROOT = macosx;
			};
			name = Debug;
		};
		48CB81451CF7B92F000755F8 /* Release */ = {
			isa = XCBuildConfiguration;
			buildSettings = {
				ALWAYS_SEARCH_USER_PATHS = NO;
				CLANG_ANALYZER_NONNULL = YES;
				CLANG_CXX_LANGUAGE_STANDARD = "gnu++0x";
				CLANG_CXX_LIBRARY = "libc++";
				CLANG_ENABLE_MODULES = YES;
				CLANG_ENABLE_OBJC_ARC = YES;
				CLANG_WARN_BOOL_CONVERSION = YES;
				CLANG_WARN_CONSTANT_CONVERSION = YES;
				CLANG_WARN_DIRECT_OBJC_ISA_USAGE = YES_ERROR;
				CLANG_WARN_EMPTY_BODY = YES;
				CLANG_WARN_ENUM_CONVERSION = YES;
				CLANG_WARN_INFINITE_RECURSION = YES;
				CLANG_WARN_INT_CONVERSION = YES;
				CLANG_WARN_OBJC_ROOT_CLASS = YES_ERROR;
				CLANG_WARN_SUSPICIOUS_MOVE = YES;
				CLANG_WARN_UNREACHABLE_CODE = YES;
				CLANG_WARN__DUPLICATE_METHOD_MATCH = YES;
				CODE_SIGN_IDENTITY = "-";
				COPY_PHASE_STRIP = NO;
				DEBUG_INFORMATION_FORMAT = "dwarf-with-dsym";
				ENABLE_NS_ASSERTIONS = NO;
				ENABLE_STRICT_OBJC_MSGSEND = YES;
				GCC_C_LANGUAGE_STANDARD = gnu99;
				GCC_NO_COMMON_BLOCKS = YES;
				GCC_WARN_64_TO_32_BIT_CONVERSION = YES;
				GCC_WARN_ABOUT_RETURN_TYPE = YES_ERROR;
				GCC_WARN_UNDECLARED_SELECTOR = YES;
				GCC_WARN_UNINITIALIZED_AUTOS = YES_AGGRESSIVE;
				GCC_WARN_UNUSED_FUNCTION = YES;
				GCC_WARN_UNUSED_VARIABLE = YES;
				MACOSX_DEPLOYMENT_TARGET = 10.11;
				MTL_ENABLE_DEBUG_INFO = NO;
				SDKROOT = macosx;
			};
			name = Release;
		};
		48CB81471CF7B92F000755F8 /* Debug */ = {
			isa = XCBuildConfiguration;
			buildSettings = {
				ASSETCATALOG_COMPILER_APPICON_NAME = AppIcon;
				CODE_SIGN_IDENTITY = "Mac Developer";
				COMBINE_HIDPI_IMAGES = YES;
				DEVELOPMENT_TEAM = 3H49MXS325;
				INFOPLIST_FILE = "ip toolbar/Info.plist";
				LD_RUNPATH_SEARCH_PATHS = "$(inherited) @executable_path/../Frameworks";
				MACOSX_DEPLOYMENT_TARGET = 10.7;
				PRODUCT_BUNDLE_IDENTIFIER = co.uk.crypter.iPee;
				PRODUCT_NAME = iPee;
				PROVISIONING_PROFILE = "";
				PROVISIONING_PROFILE_SPECIFIER = "";
			};
			name = Debug;
		};
		48CB81481CF7B92F000755F8 /* Release */ = {
			isa = XCBuildConfiguration;
			buildSettings = {
				ASSETCATALOG_COMPILER_APPICON_NAME = AppIcon;
				CODE_SIGN_IDENTITY = "Mac Developer";
				COMBINE_HIDPI_IMAGES = YES;
				DEVELOPMENT_TEAM = 3H49MXS325;
				INFOPLIST_FILE = "ip toolbar/Info.plist";
				LD_RUNPATH_SEARCH_PATHS = "$(inherited) @executable_path/../Frameworks";
				MACOSX_DEPLOYMENT_TARGET = 10.7;
				PRODUCT_BUNDLE_IDENTIFIER = co.uk.crypter.iPee;
				PRODUCT_NAME = iPee;
			};
			name = Release;
		};
		48CB814A1CF7B92F000755F8 /* Debug */ = {
			isa = XCBuildConfiguration;
			buildSettings = {
				BUNDLE_LOADER = "$(TEST_HOST)";
				COMBINE_HIDPI_IMAGES = YES;
				INFOPLIST_FILE = "ip toolbarTests/Info.plist";
				LD_RUNPATH_SEARCH_PATHS = "$(inherited) @executable_path/../Frameworks @loader_path/../Frameworks";
				PRODUCT_BUNDLE_IDENTIFIER = "co.uk.crypter.ip-toolbarTests";
				PRODUCT_NAME = iPee;
				TEST_HOST = "$(BUILT_PRODUCTS_DIR)/iPee.app/Contents/MacOS/iPee";
			};
			name = Debug;
		};
		48CB814B1CF7B92F000755F8 /* Release */ = {
			isa = XCBuildConfiguration;
			buildSettings = {
				BUNDLE_LOADER = "$(TEST_HOST)";
				COMBINE_HIDPI_IMAGES = YES;
				INFOPLIST_FILE = "ip toolbarTests/Info.plist";
				LD_RUNPATH_SEARCH_PATHS = "$(inherited) @executable_path/../Frameworks @loader_path/../Frameworks";
				PRODUCT_BUNDLE_IDENTIFIER = "co.uk.crypter.ip-toolbarTests";
				PRODUCT_NAME = iPee;
				TEST_HOST = "$(BUILT_PRODUCTS_DIR)/iPee.app/Contents/MacOS/iPee";
			};
			name = Release;
		};
		48CB814D1CF7B92F000755F8 /* Debug */ = {
			isa = XCBuildConfiguration;
			buildSettings = {
				COMBINE_HIDPI_IMAGES = YES;
				INFOPLIST_FILE = "ip toolbarUITests/Info.plist";
				LD_RUNPATH_SEARCH_PATHS = "$(inherited) @executable_path/../Frameworks @loader_path/../Frameworks";
				PRODUCT_BUNDLE_IDENTIFIER = "co.uk.crypter.ip-toolbarUITests";
				PRODUCT_NAME = iPee;
				TEST_TARGET_NAME = "ip toolbar";
			};
			name = Debug;
		};
		48CB814E1CF7B92F000755F8 /* Release */ = {
			isa = XCBuildConfiguration;
			buildSettings = {
				COMBINE_HIDPI_IMAGES = YES;
				INFOPLIST_FILE = "ip toolbarUITests/Info.plist";
				LD_RUNPATH_SEARCH_PATHS = "$(inherited) @executable_path/../Frameworks @loader_path/../Frameworks";
				PRODUCT_BUNDLE_IDENTIFIER = "co.uk.crypter.ip-toolbarUITests";
				PRODUCT_NAME = iPee;
				TEST_TARGET_NAME = "ip toolbar";
			};
			name = Release;
		};
/* End XCBuildConfiguration section */

/* Begin XCConfigurationList section */
		48CB81171CF7B92F000755F8 /* Build configuration list for PBXProject "iPee" */ = {
			isa = XCConfigurationList;
			buildConfigurations = (
				48CB81441CF7B92F000755F8 /* Debug */,
				48CB81451CF7B92F000755F8 /* Release */,
			);
			defaultConfigurationIsVisible = 0;
			defaultConfigurationName = Release;
		};
		48CB81461CF7B92F000755F8 /* Build configuration list for PBXNativeTarget "iPee" */ = {
			isa = XCConfigurationList;
			buildConfigurations = (
				48CB81471CF7B92F000755F8 /* Debug */,
				48CB81481CF7B92F000755F8 /* Release */,
			);
			defaultConfigurationIsVisible = 0;
			defaultConfigurationName = Release;
		};
		48CB81491CF7B92F000755F8 /* Build configuration list for PBXNativeTarget "iPeeTests" */ = {
			isa = XCConfigurationList;
			buildConfigurations = (
				48CB814A1CF7B92F000755F8 /* Debug */,
				48CB814B1CF7B92F000755F8 /* Release */,
			);
			defaultConfigurationIsVisible = 0;
			defaultConfigurationName = Release;
		};
		48CB814C1CF7B92F000755F8 /* Build configuration list for PBXNativeTarget "iPeeUITests" */ = {
			isa = XCConfigurationList;
			buildConfigurations = (
				48CB814D1CF7B92F000755F8 /* Debug */,
				48CB814E1CF7B92F000755F8 /* Release */,
			);
			defaultConfigurationIsVisible = 0;
			defaultConfigurationName = Release;
		};
/* End XCConfigurationList section */
	};
	rootObject = 48CB81141CF7B92F000755F8 /* Project object */;
}
